
Microsoft Visual Studio Solution File, Format Version 12.00
# Visual Studio 15
Project("{FAE04EC0-301F-11D3-BF4B-00C04F79EFBC}") = "TestProiectLicenta.Android", "TestProiectLicenta.Android\TestProiectLicenta.Android.csproj", "{03658206-6112-4836-A130-262236DE314D}"
EndProject
Project("{FAE04EC0-301F-11D3-BF4B-00C04F79EFBC}") = "TestProiectLicenta.iOS", "TestProiectLicenta.iOS\TestProiectLicenta.iOS.csproj", "{4BFABB4F-3865-4EB6-AD0F-77467B8BE5EB}"
EndProject
Project("{FAE04EC0-301F-11D3-BF4B-00C04F79EFBC}") = "TestProiectLicenta", "TestProiectLicenta\TestProiectLicenta.csproj", "{CAE21B87-F6A0-457C-8290-18DF1AD0A73C}"
EndProject
Global
	GlobalSection(SolutionConfigurationPlatforms) = preSolution
		Debug|Any CPU = Debug|Any CPU
		Release|Any CPU = Release|Any CPU
		Debug|iPhoneSimulator = Debug|iPhoneSimulator
		Release|iPhoneSimulator = Release|iPhoneSimulator
		Debug|iPhone = Debug|iPhone
		Release|iPhone = Release|iPhone
	EndGlobalSection
	GlobalSection(ProjectConfigurationPlatforms) = postSolution
		{03658206-6112-4836-A130-262236DE314D}.Debug|Any CPU.ActiveCfg = Debug|Any CPU
		{03658206-6112-4836-A130-262236DE314D}.Debug|Any CPU.Build.0 = Debug|Any CPU
		{03658206-6112-4836-A130-262236DE314D}.Release|Any CPU.ActiveCfg = Release|Any CPU
		{03658206-6112-4836-A130-262236DE314D}.Release|Any CPU.Build.0 = Release|Any CPU
		{03658206-6112-4836-A130-262236DE314D}.Debug|iPhoneSimulator.ActiveCfg = Debug|Any CPU
		{03658206-6112-4836-A130-262236DE314D}.Debug|iPhoneSimulator.Build.0 = Debug|Any CPU
		{03658206-6112-4836-A130-262236DE314D}.Release|iPhoneSimulator.ActiveCfg = Release|Any CPU
		{03658206-6112-4836-A130-262236DE314D}.Release|iPhoneSimulator.Build.0 = Release|Any CPU
		{03658206-6112-4836-A130-262236DE314D}.Debug|iPhone.ActiveCfg = Debug|Any CPU
		{03658206-6112-4836-A130-262236DE314D}.Debug|iPhone.Build.0 = Debug|Any CPU
		{03658206-6112-4836-A130-262236DE314D}.Release|iPhone.ActiveCfg = Release|Any CPU
		{03658206-6112-4836-A130-262236DE314D}.Release|iPhone.Build.0 = Release|Any CPU
		{4BFABB4F-3865-4EB6-AD0F-77467B8BE5EB}.Debug|Any CPU.ActiveCfg = Debug|iPhoneSimulator
		{4BFABB4F-3865-4EB6-AD0F-77467B8BE5EB}.Debug|Any CPU.Build.0 = Debug|iPhoneSimulator
		{4BFABB4F-3865-4EB6-AD0F-77467B8BE5EB}.Release|Any CPU.ActiveCfg = Release|iPhoneSimulator
		{4BFABB4F-3865-4EB6-AD0F-77467B8BE5EB}.Release|Any CPU.Build.0 = Release|iPhoneSimulator
		{4BFABB4F-3865-4EB6-AD0F-77467B8BE5EB}.Debug|iPhoneSimulator.ActiveCfg = Debug|iPhoneSimulator
		{4BFABB4F-3865-4EB6-AD0F-77467B8BE5EB}.Debug|iPhoneSimulator.Build.0 = Debug|iPhoneSimulator
		{4BFABB4F-3865-4EB6-AD0F-77467B8BE5EB}.Release|iPhoneSimulator.ActiveCfg = Release|iPhoneSimulator
		{4BFABB4F-3865-4EB6-AD0F-77467B8BE5EB}.Release|iPhoneSimulator.Build.0 = Release|iPhoneSimulator
		{4BFABB4F-3865-4EB6-AD0F-77467B8BE5EB}.Debug|iPhone.ActiveCfg = Debug|iPhone
		{4BFABB4F-3865-4EB6-AD0F-77467B8BE5EB}.Debug|iPhone.Build.0 = Debug|iPhone
		{4BFABB4F-3865-4EB6-AD0F-77467B8BE5EB}.Release|iPhone.ActiveCfg = Release|iPhone
		{4BFABB4F-3865-4EB6-AD0F-77467B8BE5EB}.Release|iPhone.Build.0 = Release|iPhone
		{CAE21B87-F6A0-457C-8290-18DF1AD0A73C}.Debug|Any CPU.ActiveCfg = Debug|Any CPU
		{CAE21B87-F6A0-457C-8290-18DF1AD0A73C}.Debug|Any CPU.Build.0 = Debug|Any CPU
		{CAE21B87-F6A0-457C-8290-18DF1AD0A73C}.Release|Any CPU.ActiveCfg = Release|Any CPU
		{CAE21B87-F6A0-457C-8290-18DF1AD0A73C}.Release|Any CPU.Build.0 = Release|Any CPU
		{CAE21B87-F6A0-457C-8290-18DF1AD0A73C}.Debug|iPhoneSimulator.ActiveCfg = Debug|Any CPU
		{CAE21B87-F6A0-457C-8290-18DF1AD0A73C}.Debug|iPhoneSimulator.Build.0 = Debug|Any CPU
		{CAE21B87-F6A0-457C-8290-18DF1AD0A73C}.Release|iPhoneSimulator.ActiveCfg = Release|Any CPU
		{CAE21B87-F6A0-457C-8290-18DF1AD0A73C}.Release|iPhoneSimulator.Build.0 = Release|Any CPU
		{CAE21B87-F6A0-457C-8290-18DF1AD0A73C}.Debug|iPhone.ActiveCfg = Debug|Any CPU
		{CAE21B87-F6A0-457C-8290-18DF1AD0A73C}.Debug|iPhone.Build.0 = Debug|Any CPU
		{CAE21B87-F6A0-457C-8290-18DF1AD0A73C}.Release|iPhone.ActiveCfg = Release|Any CPU
		{CAE21B87-F6A0-457C-8290-18DF1AD0A73C}.Release|iPhone.Build.0 = Release|Any CPU
	EndGlobalSection
EndGlobal
